
Microsoft Visual Studio Solution File, Format Version 12.00
# Visual Studio Version 16
VisualStudioVersion = 16.0.29025.244
MinimumVisualStudioVersion = 10.0.40219.1
Project("{FAE04EC0-301F-11D3-BF4B-00C04F79EFBC}") = "Prototype.Conceptual", "Prototype.Conceptual.csproj", "{F3C5211F-2D9C-492B-9007-812C7F024DDC}"
EndProject
Global
	GlobalSection(SolutionConfigurationPlatforms) = preSolution
		Debug|Any CPU = Debug|Any CPU
		Release|Any CPU = Release|Any CPU
	EndGlobalSection
	GlobalSection(ProjectConfigurationPlatforms) = postSolution
		{F3C5211F-2D9C-492B-9007-812C7F024DDC}.Debug|Any CPU.ActiveCfg = Debug|Any CPU
		{F3C5211F-2D9C-492B-9007-812C7F024DDC}.Debug|Any CPU.Build.0 = Debug|Any CPU
		{F3C5211F-2D9C-492B-9007-812C7F024DDC}.Release|Any CPU.ActiveCfg = Release|Any CPU
		{F3C5211F-2D9C-492B-9007-812C7F024DDC}.Release|Any CPU.Build.0 = Release|Any CPU
	EndGlobalSection
	GlobalSection(SolutionProperties) = preSolution
		HideSolutionNode = FALSE
	EndGlobalSection
	GlobalSection(ExtensibilityGlobals) = postSolution
		SolutionGuid = {2A1AF6AA-E57C-4312-B1AE-636587801D04}
	EndGlobalSection
EndGlobal
