
Microsoft Visual Studio Solution File, Format Version 12.00
# Visual Studio Version 16
VisualStudioVersion = 16.0.29025.244
MinimumVisualStudioVersion = 10.0.40219.1
Project("{FAE04EC0-301F-11D3-BF4B-00C04F79EFBC}") = "Builder.Conceptual", "Builder.Conceptual.csproj", "{59386C50-68B6-4425-8D7C-7B994B7FEAC5}"
EndProject
Global
	GlobalSection(SolutionConfigurationPlatforms) = preSolution
		Debug|Any CPU = Debug|Any CPU
		Release|Any CPU = Release|Any CPU
	EndGlobalSection
	GlobalSection(ProjectConfigurationPlatforms) = postSolution
		{59386C50-68B6-4425-8D7C-7B994B7FEAC5}.Debug|Any CPU.ActiveCfg = Debug|Any CPU
		{59386C50-68B6-4425-8D7C-7B994B7FEAC5}.Debug|Any CPU.Build.0 = Debug|Any CPU
		{59386C50-68B6-4425-8D7C-7B994B7FEAC5}.Release|Any CPU.ActiveCfg = Release|Any CPU
		{59386C50-68B6-4425-8D7C-7B994B7FEAC5}.Release|Any CPU.Build.0 = Release|Any CPU
	EndGlobalSection
	GlobalSection(SolutionProperties) = preSolution
		HideSolutionNode = FALSE
	EndGlobalSection
	GlobalSection(ExtensibilityGlobals) = postSolution
		SolutionGuid = {CEC4569F-7681-415A-B838-B0E537E1B3B4}
	EndGlobalSection
EndGlobal
