
Microsoft Visual Studio Solution File, Format Version 12.00
# Visual Studio Version 16
VisualStudioVersion = 16.0.29025.244
MinimumVisualStudioVersion = 10.0.40219.1
Project("{9A19103F-16F7-4668-BE54-9A1E7A4F7556}") = "AbstractFactory.Conceptual", "AbstractFactory.Conceptual.csproj", "{412DAE65-051F-46D5-88F1-685C26D221FC}"
EndProject
Global
	GlobalSection(SolutionConfigurationPlatforms) = preSolution
		Debug|Any CPU = Debug|Any CPU
		Release|Any CPU = Release|Any CPU
	EndGlobalSection
	GlobalSection(ProjectConfigurationPlatforms) = postSolution
		{412DAE65-051F-46D5-88F1-685C26D221FC}.Debug|Any CPU.ActiveCfg = Debug|Any CPU
		{412DAE65-051F-46D5-88F1-685C26D221FC}.Debug|Any CPU.Build.0 = Debug|Any CPU
		{412DAE65-051F-46D5-88F1-685C26D221FC}.Release|Any CPU.ActiveCfg = Release|Any CPU
		{412DAE65-051F-46D5-88F1-685C26D221FC}.Release|Any CPU.Build.0 = Release|Any CPU
	EndGlobalSection
	GlobalSection(SolutionProperties) = preSolution
		HideSolutionNode = FALSE
	EndGlobalSection
	GlobalSection(ExtensibilityGlobals) = postSolution
		SolutionGuid = {F15C2764-31F9-4EED-AF46-19C13BA2586A}
	EndGlobalSection
EndGlobal
